// !$*UTF8*$!
{
	archiveVersion = 1;
	classes = {
	};
	objectVersion = 50;
	objects = {

/* Begin PBXBuildFile section */
		4A33E8FF2503DB2800E78C0E /* AppDelegate.swift in Sources */ = {isa = PBXBuildFile; fileRef = 4A33E8FE2503DB2800E78C0E /* AppDelegate.swift */; };
		4A33E9012503DB2800E78C0E /* SceneDelegate.swift in Sources */ = {isa = PBXBuildFile; fileRef = 4A33E9002503DB2800E78C0E /* SceneDelegate.swift */; };
		4A33E9032503DB2800E78C0E /* ContentView.swift in Sources */ = {isa = PBXBuildFile; fileRef = 4A33E9022503DB2800E78C0E /* ContentView.swift */; };
		4A33E9052503DB2B00E78C0E /* Assets.xcassets in Resources */ = {isa = PBXBuildFile; fileRef = 4A33E9042503DB2B00E78C0E /* Assets.xcassets */; };
		4A33E9082503DB2B00E78C0E /* Preview Assets.xcassets in Resources */ = {isa = PBXBuildFile; fileRef = 4A33E9072503DB2B00E78C0E /* Preview Assets.xcassets */; };
		4A33E90B2503DB2B00E78C0E /* LaunchScreen.storyboard in Resources */ = {isa = PBXBuildFile; fileRef = 4A33E9092503DB2B00E78C0E /* LaunchScreen.storyboard */; };
		4A33E9162503DB2B00E78C0E /* VLProjectTests.swift in Sources */ = {isa = PBXBuildFile; fileRef = 4A33E9152503DB2B00E78C0E /* VLProjectTests.swift */; };
		4A33E9212503DB2B00E78C0E /* VLProjectUITests.swift in Sources */ = {isa = PBXBuildFile; fileRef = 4A33E9202503DB2B00E78C0E /* VLProjectUITests.swift */; };
/* End PBXBuildFile section */

/* Begin PBXContainerItemProxy section */
		4A33E9122503DB2B00E78C0E /* PBXContainerItemProxy */ = {
			isa = PBXContainerItemProxy;
			containerPortal = 4A33E8F32503DB2800E78C0E /* Project object */;
			proxyType = 1;
			remoteGlobalIDString = 4A33E8FA2503DB2800E78C0E;
			remoteInfo = VLProject;
		};
		4A33E91D2503DB2B00E78C0E /* PBXContainerItemProxy */ = {
			isa = PBXContainerItemProxy;
			containerPortal = 4A33E8F32503DB2800E78C0E /* Project object */;
			proxyType = 1;
			remoteGlobalIDString = 4A33E8FA2503DB2800E78C0E;
			remoteInfo = VLProject;
		};
/* End PBXContainerItemProxy section */

/* Begin PBXFileReference section */
		4A1DC6BC2509155B005FE845 /* 성남시수정구양지동.gpx */ = {isa = PBXFileReference; lastKnownFileType = text.xml; name = "성남시수정구양지동.gpx"; path = "../../../Desktop/gpx/성남시수정구양지동.gpx"; sourceTree = "<group>"; };
		4A1DC6BD25091799005FE845 /* 서울시금천구가산동.gpx */ = {isa = PBXFileReference; lastKnownFileType = text.xml; name = "서울시금천구가산동.gpx"; path = "../../../Desktop/gpx/서울시금천구가산동.gpx"; sourceTree = "<group>"; };
		4A20BE2F25066D03009A205F /* 강원도태백시상장동.gpx */ = {isa = PBXFileReference; lastKnownFileType = text.xml; name = "강원도태백시상장동.gpx"; path = "../../../Desktop/gpx/강원도태백시상장동.gpx"; sourceTree = "<group>"; };
		4A33E8FB2503DB2800E78C0E /* VLProject.app */ = {isa = PBXFileReference; explicitFileType = wrapper.application; includeInIndex = 0; path = VLProject.app; sourceTree = BUILT_PRODUCTS_DIR; };
		4A33E8FE2503DB2800E78C0E /* AppDelegate.swift */ = {isa = PBXFileReference; lastKnownFileType = sourcecode.swift; path = AppDelegate.swift; sourceTree = "<group>"; };
		4A33E9002503DB2800E78C0E /* SceneDelegate.swift */ = {isa = PBXFileReference; lastKnownFileType = sourcecode.swift; path = SceneDelegate.swift; sourceTree = "<group>"; };
		4A33E9022503DB2800E78C0E /* ContentView.swift */ = {isa = PBXFileReference; lastKnownFileType = sourcecode.swift; path = ContentView.swift; sourceTree = "<group>"; };
		4A33E9042503DB2B00E78C0E /* Assets.xcassets */ = {isa = PBXFileReference; lastKnownFileType = folder.assetcatalog; path = Assets.xcassets; sourceTree = "<group>"; };
		4A33E9072503DB2B00E78C0E /* Preview Assets.xcassets */ = {isa = PBXFileReference; lastKnownFileType = folder.assetcatalog; path = "Preview Assets.xcassets"; sourceTree = "<group>"; };
		4A33E90A2503DB2B00E78C0E /* Base */ = {isa = PBXFileReference; lastKnownFileType = file.storyboard; name = Base; path = Base.lproj/LaunchScreen.storyboard; sourceTree = "<group>"; };
		4A33E90C2503DB2B00E78C0E /* Info.plist */ = {isa = PBXFileReference; lastKnownFileType = text.plist.xml; path = Info.plist; sourceTree = "<group>"; };
		4A33E9112503DB2B00E78C0E /* VLProjectTests.xctest */ = {isa = PBXFileReference; explicitFileType = wrapper.cfbundle; includeInIndex = 0; path = VLProjectTests.xctest; sourceTree = BUILT_PRODUCTS_DIR; };
		4A33E9152503DB2B00E78C0E /* VLProjectTests.swift */ = {isa = PBXFileReference; lastKnownFileType = sourcecode.swift; path = VLProjectTests.swift; sourceTree = "<group>"; };
		4A33E9172503DB2B00E78C0E /* Info.plist */ = {isa = PBXFileReference; lastKnownFileType = text.plist.xml; path = Info.plist; sourceTree = "<group>"; };
		4A33E91C2503DB2B00E78C0E /* VLProjectUITests.xctest */ = {isa = PBXFileReference; explicitFileType = wrapper.cfbundle; includeInIndex = 0; path = VLProjectUITests.xctest; sourceTree = BUILT_PRODUCTS_DIR; };
		4A33E9202503DB2B00E78C0E /* VLProjectUITests.swift */ = {isa = PBXFileReference; lastKnownFileType = sourcecode.swift; path = VLProjectUITests.swift; sourceTree = "<group>"; };
		4A33E9222503DB2B00E78C0E /* Info.plist */ = {isa = PBXFileReference; lastKnownFileType = text.plist.xml; path = Info.plist; sourceTree = "<group>"; };
		4A33E92E2503E09100E78C0E /* 평택시세교동.gpx */ = {isa = PBXFileReference; lastKnownFileType = text.xml; name = "평택시세교동.gpx"; path = "../../../Desktop/gpx/평택시세교동.gpx"; sourceTree = "<group>"; };
		4A6495E52504A919003FE402 /* 인천연수구송도3동.gpx */ = {isa = PBXFileReference; lastKnownFileType = text.xml; name = "인천연수구송도3동.gpx"; path = "../../../Desktop/gpx/인천연수구송도3동.gpx"; sourceTree = "<group>"; };
		4A6495E62504B971003FE402 /* 일산서구일산2동.gpx */ = {isa = PBXFileReference; lastKnownFileType = text.xml; name = "일산서구일산2동.gpx"; path = "../../../Desktop/gpx/일산서구일산2동.gpx"; sourceTree = "<group>"; };
		4A6495E725052FD6003FE402 /* 파주시동패동.gpx */ = {isa = PBXFileReference; lastKnownFileType = text.xml; name = "파주시동패동.gpx"; path = "../../../Desktop/gpx/파주시동패동.gpx"; sourceTree = "<group>"; };
		4A6495E825065FD1003FE402 /* 서울시관악구행운동.gpx */ = {isa = PBXFileReference; lastKnownFileType = text.xml; name = "서울시관악구행운동.gpx"; path = "../../../Desktop/gpx/서울시관악구행운동.gpx"; sourceTree = "<group>"; };
		4A6DA5C625091E6100A07F02 /* 서울시영등포구당산동.gpx */ = {isa = PBXFileReference; lastKnownFileType = text.xml; name = "서울시영등포구당산동.gpx"; path = "../../../Desktop/gpx/서울시영등포구당산동.gpx"; sourceTree = "<group>"; };
		4AB647B52516D9B00019774C /* 서울시관악구청림동.gpx */ = {isa = PBXFileReference; lastKnownFileType = text.xml; name = "서울시관악구청림동.gpx"; path = "../../../Desktop/gpx/서울시관악구청림동.gpx"; sourceTree = "<group>"; };
		4AD87536251899A100EBD34E /* 서울시성동구옥수동.gpx */ = {isa = PBXFileReference; lastKnownFileType = text.xml; name = "서울시성동구옥수동.gpx"; path = "../../../Desktop/gpx/서울시성동구옥수동.gpx"; sourceTree = "<group>"; };
		4AF217962507184400D2F2C5 /* 파주시운정3동.gpx */ = {isa = PBXFileReference; lastKnownFileType = text.xml; name = "파주시운정3동.gpx"; path = "../../../Desktop/gpx/파주시운정3동.gpx"; sourceTree = "<group>"; };
		4AF724392506758100F13360 /* 경기도안양시안양3동.gpx */ = {isa = PBXFileReference; lastKnownFileType = text.xml; name = "경기도안양시안양3동.gpx"; path = "../../../Desktop/gpx/경기도안양시안양3동.gpx"; sourceTree = "<group>"; };
		4AF7243A250676D400F13360 /* 서울시중랑구신내동.gpx */ = {isa = PBXFileReference; lastKnownFileType = text.xml; name = "서울시중랑구신내동.gpx"; path = "../../../Desktop/gpx/서울시중랑구신내동.gpx"; sourceTree = "<group>"; };
/* End PBXFileReference section */

/* Begin PBXFrameworksBuildPhase section */
		4A33E8F82503DB2800E78C0E /* Frameworks */ = {
			isa = PBXFrameworksBuildPhase;
			buildActionMask = 2147483647;
			files = (
			);
			runOnlyForDeploymentPostprocessing = 0;
		};
		4A33E90E2503DB2B00E78C0E /* Frameworks */ = {
			isa = PBXFrameworksBuildPhase;
			buildActionMask = 2147483647;
			files = (
			);
			runOnlyForDeploymentPostprocessing = 0;
		};
		4A33E9192503DB2B00E78C0E /* Frameworks */ = {
			isa = PBXFrameworksBuildPhase;
			buildActionMask = 2147483647;
			files = (
			);
			runOnlyForDeploymentPostprocessing = 0;
		};
/* End PBXFrameworksBuildPhase section */

/* Begin PBXGroup section */
		4A33E8F22503DB2800E78C0E = {
			isa = PBXGroup;
			children = (
				4AD87536251899A100EBD34E /* 서울시성동구옥수동.gpx */,
				4AB647B52516D9B00019774C /* 서울시관악구청림동.gpx */,
				4A6DA5C625091E6100A07F02 /* 서울시영등포구당산동.gpx */,
				4A1DC6BD25091799005FE845 /* 서울시금천구가산동.gpx */,
				4A1DC6BC2509155B005FE845 /* 성남시수정구양지동.gpx */,
				4AF217962507184400D2F2C5 /* 파주시운정3동.gpx */,
				4AF7243A250676D400F13360 /* 서울시중랑구신내동.gpx */,
				4AF724392506758100F13360 /* 경기도안양시안양3동.gpx */,
				4A20BE2F25066D03009A205F /* 강원도태백시상장동.gpx */,
				4A6495E825065FD1003FE402 /* 서울시관악구행운동.gpx */,
				4A6495E725052FD6003FE402 /* 파주시동패동.gpx */,
				4A6495E62504B971003FE402 /* 일산서구일산2동.gpx */,
				4A6495E52504A919003FE402 /* 인천연수구송도3동.gpx */,
				4A33E92E2503E09100E78C0E /* 평택시세교동.gpx */,
				4A33E8FD2503DB2800E78C0E /* VLProject */,
				4A33E9142503DB2B00E78C0E /* VLProjectTests */,
				4A33E91F2503DB2B00E78C0E /* VLProjectUITests */,
				4A33E8FC2503DB2800E78C0E /* Products */,
			);
			sourceTree = "<group>";
		};
		4A33E8FC2503DB2800E78C0E /* Products */ = {
			isa = PBXGroup;
			children = (
				4A33E8FB2503DB2800E78C0E /* VLProject.app */,
				4A33E9112503DB2B00E78C0E /* VLProjectTests.xctest */,
				4A33E91C2503DB2B00E78C0E /* VLProjectUITests.xctest */,
			);
			name = Products;
			sourceTree = "<group>";
		};
		4A33E8FD2503DB2800E78C0E /* VLProject */ = {
			isa = PBXGroup;
			children = (
				4A33E8FE2503DB2800E78C0E /* AppDelegate.swift */,
				4A33E9002503DB2800E78C0E /* SceneDelegate.swift */,
				4A33E9022503DB2800E78C0E /* ContentView.swift */,
				4A33E9042503DB2B00E78C0E /* Assets.xcassets */,
				4A33E9092503DB2B00E78C0E /* LaunchScreen.storyboard */,
				4A33E90C2503DB2B00E78C0E /* Info.plist */,
				4A33E9062503DB2B00E78C0E /* Preview Content */,
			);
			path = VLProject;
			sourceTree = "<group>";
		};
		4A33E9062503DB2B00E78C0E /* Preview Content */ = {
			isa = PBXGroup;
			children = (
				4A33E9072503DB2B00E78C0E /* Preview Assets.xcassets */,
			);
			path = "Preview Content";
			sourceTree = "<group>";
		};
		4A33E9142503DB2B00E78C0E /* VLProjectTests */ = {
			isa = PBXGroup;
			children = (
				4A33E9152503DB2B00E78C0E /* VLProjectTests.swift */,
				4A33E9172503DB2B00E78C0E /* Info.plist */,
			);
			path = VLProjectTests;
			sourceTree = "<group>";
		};
		4A33E91F2503DB2B00E78C0E /* VLProjectUITests */ = {
			isa = PBXGroup;
			children = (
				4A33E9202503DB2B00E78C0E /* VLProjectUITests.swift */,
				4A33E9222503DB2B00E78C0E /* Info.plist */,
			);
			path = VLProjectUITests;
			sourceTree = "<group>";
		};
/* End PBXGroup section */

/* Begin PBXNativeTarget section */
		4A33E8FA2503DB2800E78C0E /* VLProject */ = {
			isa = PBXNativeTarget;
			buildConfigurationList = 4A33E9252503DB2B00E78C0E /* Build configuration list for PBXNativeTarget "VLProject" */;
			buildPhases = (
				4A33E8F72503DB2800E78C0E /* Sources */,
				4A33E8F82503DB2800E78C0E /* Frameworks */,
				4A33E8F92503DB2800E78C0E /* Resources */,
			);
			buildRules = (
			);
			dependencies = (
			);
			name = VLProject;
			productName = VLProject;
			productReference = 4A33E8FB2503DB2800E78C0E /* VLProject.app */;
			productType = "com.apple.product-type.application";
		};
		4A33E9102503DB2B00E78C0E /* VLProjectTests */ = {
			isa = PBXNativeTarget;
			buildConfigurationList = 4A33E9282503DB2B00E78C0E /* Build configuration list for PBXNativeTarget "VLProjectTests" */;
			buildPhases = (
				4A33E90D2503DB2B00E78C0E /* Sources */,
				4A33E90E2503DB2B00E78C0E /* Frameworks */,
				4A33E90F2503DB2B00E78C0E /* Resources */,
			);
			buildRules = (
			);
			dependencies = (
				4A33E9132503DB2B00E78C0E /* PBXTargetDependency */,
			);
			name = VLProjectTests;
			productName = VLProjectTests;
			productReference = 4A33E9112503DB2B00E78C0E /* VLProjectTests.xctest */;
			productType = "com.apple.product-type.bundle.unit-test";
		};
		4A33E91B2503DB2B00E78C0E /* VLProjectUITests */ = {
			isa = PBXNativeTarget;
			buildConfigurationList = 4A33E92B2503DB2B00E78C0E /* Build configuration list for PBXNativeTarget "VLProjectUITests" */;
			buildPhases = (
				4A33E9182503DB2B00E78C0E /* Sources */,
				4A33E9192503DB2B00E78C0E /* Frameworks */,
				4A33E91A2503DB2B00E78C0E /* Resources */,
			);
			buildRules = (
			);
			dependencies = (
				4A33E91E2503DB2B00E78C0E /* PBXTargetDependency */,
			);
			name = VLProjectUITests;
			productName = VLProjectUITests;
			productReference = 4A33E91C2503DB2B00E78C0E /* VLProjectUITests.xctest */;
			productType = "com.apple.product-type.bundle.ui-testing";
		};
/* End PBXNativeTarget section */

/* Begin PBXProject section */
		4A33E8F32503DB2800E78C0E /* Project object */ = {
			isa = PBXProject;
			attributes = {
				LastSwiftUpdateCheck = 1120;
				LastUpgradeCheck = 1120;
				ORGANIZATIONNAME = Harry;
				TargetAttributes = {
					4A33E8FA2503DB2800E78C0E = {
						CreatedOnToolsVersion = 11.2.1;
					};
					4A33E9102503DB2B00E78C0E = {
						CreatedOnToolsVersion = 11.2.1;
						TestTargetID = 4A33E8FA2503DB2800E78C0E;
					};
					4A33E91B2503DB2B00E78C0E = {
						CreatedOnToolsVersion = 11.2.1;
						TestTargetID = 4A33E8FA2503DB2800E78C0E;
					};
				};
			};
			buildConfigurationList = 4A33E8F62503DB2800E78C0E /* Build configuration list for PBXProject "VLProject" */;
			compatibilityVersion = "Xcode 9.3";
			developmentRegion = en;
			hasScannedForEncodings = 0;
			knownRegions = (
				en,
				Base,
			);
			mainGroup = 4A33E8F22503DB2800E78C0E;
			productRefGroup = 4A33E8FC2503DB2800E78C0E /* Products */;
			projectDirPath = "";
			projectRoot = "";
			targets = (
				4A33E8FA2503DB2800E78C0E /* VLProject */,
				4A33E9102503DB2B00E78C0E /* VLProjectTests */,
				4A33E91B2503DB2B00E78C0E /* VLProjectUITests */,
			);
		};
/* End PBXProject section */

/* Begin PBXResourcesBuildPhase section */
		4A33E8F92503DB2800E78C0E /* Resources */ = {
			isa = PBXResourcesBuildPhase;
			buildActionMask = 2147483647;
			files = (
				4A33E90B2503DB2B00E78C0E /* LaunchScreen.storyboard in Resources */,
				4A33E9082503DB2B00E78C0E /* Preview Assets.xcassets in Resources */,
				4A33E9052503DB2B00E78C0E /* Assets.xcassets in Resources */,
			);
			runOnlyForDeploymentPostprocessing = 0;
		};
		4A33E90F2503DB2B00E78C0E /* Resources */ = {
			isa = PBXResourcesBuildPhase;
			buildActionMask = 2147483647;
			files = (
			);
			runOnlyForDeploymentPostprocessing = 0;
		};
		4A33E91A2503DB2B00E78C0E /* Resources */ = {
			isa = PBXResourcesBuildPhase;
			buildActionMask = 2147483647;
			files = (
			);
			runOnlyForDeploymentPostprocessing = 0;
		};
/* End PBXResourcesBuildPhase section */

/* Begin PBXSourcesBuildPhase section */
		4A33E8F72503DB2800E78C0E /* Sources */ = {
			isa = PBXSourcesBuildPhase;
			buildActionMask = 2147483647;
			files = (
				4A33E8FF2503DB2800E78C0E /* AppDelegate.swift in Sources */,
				4A33E9012503DB2800E78C0E /* SceneDelegate.swift in Sources */,
				4A33E9032503DB2800E78C0E /* ContentView.swift in Sources */,
			);
			runOnlyForDeploymentPostprocessing = 0;
		};
		4A33E90D2503DB2B00E78C0E /* Sources */ = {
			isa = PBXSourcesBuildPhase;
			buildActionMask = 2147483647;
			files = (
				4A33E9162503DB2B00E78C0E /* VLProjectTests.swift in Sources */,
			);
			runOnlyForDeploymentPostprocessing = 0;
		};
		4A33E9182503DB2B00E78C0E /* Sources */ = {
			isa = PBXSourcesBuildPhase;
			buildActionMask = 2147483647;
			files = (
				4A33E9212503DB2B00E78C0E /* VLProjectUITests.swift in Sources */,
			);
			runOnlyForDeploymentPostprocessing = 0;
		};
/* End PBXSourcesBuildPhase section */

/* Begin PBXTargetDependency section */
		4A33E9132503DB2B00E78C0E /* PBXTargetDependency */ = {
			isa = PBXTargetDependency;
			target = 4A33E8FA2503DB2800E78C0E /* VLProject */;
			targetProxy = 4A33E9122503DB2B00E78C0E /* PBXContainerItemProxy */;
		};
		4A33E91E2503DB2B00E78C0E /* PBXTargetDependency */ = {
			isa = PBXTargetDependency;
			target = 4A33E8FA2503DB2800E78C0E /* VLProject */;
			targetProxy = 4A33E91D2503DB2B00E78C0E /* PBXContainerItemProxy */;
		};
/* End PBXTargetDependency section */

/* Begin PBXVariantGroup section */
		4A33E9092503DB2B00E78C0E /* LaunchScreen.storyboard */ = {
			isa = PBXVariantGroup;
			children = (
				4A33E90A2503DB2B00E78C0E /* Base */,
			);
			name = LaunchScreen.storyboard;
			sourceTree = "<group>";
		};
/* End PBXVariantGroup section */

/* Begin XCBuildConfiguration section */
		4A33E9232503DB2B00E78C0E /* Debug */ = {
			isa = XCBuildConfiguration;
			buildSettings = {
				ALWAYS_SEARCH_USER_PATHS = NO;
				CLANG_ANALYZER_NONNULL = YES;
				CLANG_ANALYZER_NUMBER_OBJECT_CONVERSION = YES_AGGRESSIVE;
				CLANG_CXX_LANGUAGE_STANDARD = "gnu++14";
				CLANG_CXX_LIBRARY = "libc++";
				CLANG_ENABLE_MODULES = YES;
				CLANG_ENABLE_OBJC_ARC = YES;
				CLANG_ENABLE_OBJC_WEAK = YES;
				CLANG_WARN_BLOCK_CAPTURE_AUTORELEASING = YES;
				CLANG_WARN_BOOL_CONVERSION = YES;
				CLANG_WARN_COMMA = YES;
				CLANG_WARN_CONSTANT_CONVERSION = YES;
				CLANG_WARN_DEPRECATED_OBJC_IMPLEMENTATIONS = YES;
				CLANG_WARN_DIRECT_OBJC_ISA_USAGE = YES_ERROR;
				CLANG_WARN_DOCUMENTATION_COMMENTS = YES;
				CLANG_WARN_EMPTY_BODY = YES;
				CLANG_WARN_ENUM_CONVERSION = YES;
				CLANG_WARN_INFINITE_RECURSION = YES;
				CLANG_WARN_INT_CONVERSION = YES;
				CLANG_WARN_NON_LITERAL_NULL_CONVERSION = YES;
				CLANG_WARN_OBJC_IMPLICIT_RETAIN_SELF = YES;
				CLANG_WARN_OBJC_LITERAL_CONVERSION = YES;
				CLANG_WARN_OBJC_ROOT_CLASS = YES_ERROR;
				CLANG_WARN_RANGE_LOOP_ANALYSIS = YES;
				CLANG_WARN_STRICT_PROTOTYPES = YES;
				CLANG_WARN_SUSPICIOUS_MOVE = YES;
				CLANG_WARN_UNGUARDED_AVAILABILITY = YES_AGGRESSIVE;
				CLANG_WARN_UNREACHABLE_CODE = YES;
				CLANG_WARN__DUPLICATE_METHOD_MATCH = YES;
				COPY_PHASE_STRIP = NO;
				DEBUG_INFORMATION_FORMAT = dwarf;
				ENABLE_STRICT_OBJC_MSGSEND = YES;
				ENABLE_TESTABILITY = YES;
				GCC_C_LANGUAGE_STANDARD = gnu11;
				GCC_DYNAMIC_NO_PIC = NO;
				GCC_NO_COMMON_BLOCKS = YES;
				GCC_OPTIMIZATION_LEVEL = 0;
				GCC_PREPROCESSOR_DEFINITIONS = (
					"DEBUG=1",
					"$(inherited)",
				);
				GCC_WARN_64_TO_32_BIT_CONVERSION = YES;
				GCC_WARN_ABOUT_RETURN_TYPE = YES_ERROR;
				GCC_WARN_UNDECLARED_SELECTOR = YES;
				GCC_WARN_UNINITIALIZED_AUTOS = YES_AGGRESSIVE;
				GCC_WARN_UNUSED_FUNCTION = YES;
				GCC_WARN_UNUSED_VARIABLE = YES;
				IPHONEOS_DEPLOYMENT_TARGET = 13.2;
				MTL_ENABLE_DEBUG_INFO = INCLUDE_SOURCE;
				MTL_FAST_MATH = YES;
				ONLY_ACTIVE_ARCH = YES;
				SDKROOT = iphoneos;
				SWIFT_ACTIVE_COMPILATION_CONDITIONS = DEBUG;
				SWIFT_OPTIMIZATION_LEVEL = "-Onone";
			};
			name = Debug;
		};
		4A33E9242503DB2B00E78C0E /* Release */ = {
			isa = XCBuildConfiguration;
			buildSettings = {
				ALWAYS_SEARCH_USER_PATHS = NO;
				CLANG_ANALYZER_NONNULL = YES;
				CLANG_ANALYZER_NUMBER_OBJECT_CONVERSION = YES_AGGRESSIVE;
				CLANG_CXX_LANGUAGE_STANDARD = "gnu++14";
				CLANG_CXX_LIBRARY = "libc++";
				CLANG_ENABLE_MODULES = YES;
				CLANG_ENABLE_OBJC_ARC = YES;
				CLANG_ENABLE_OBJC_WEAK = YES;
				CLANG_WARN_BLOCK_CAPTURE_AUTORELEASING = YES;
				CLANG_WARN_BOOL_CONVERSION = YES;
				CLANG_WARN_COMMA = YES;
				CLANG_WARN_CONSTANT_CONVERSION = YES;
				CLANG_WARN_DEPRECATED_OBJC_IMPLEMENTATIONS = YES;
				CLANG_WARN_DIRECT_OBJC_ISA_USAGE = YES_ERROR;
				CLANG_WARN_DOCUMENTATION_COMMENTS = YES;
				CLANG_WARN_EMPTY_BODY = YES;
				CLANG_WARN_ENUM_CONVERSION = YES;
				CLANG_WARN_INFINITE_RECURSION = YES;
				CLANG_WARN_INT_CONVERSION = YES;
				CLANG_WARN_NON_LITERAL_NULL_CONVERSION = YES;
				CLANG_WARN_OBJC_IMPLICIT_RETAIN_SELF = YES;
				CLANG_WARN_OBJC_LITERAL_CONVERSION = YES;
				CLANG_WARN_OBJC_ROOT_CLASS = YES_ERROR;
				CLANG_WARN_RANGE_LOOP_ANALYSIS = YES;
				CLANG_WARN_STRICT_PROTOTYPES = YES;
				CLANG_WARN_SUSPICIOUS_MOVE = YES;
				CLANG_WARN_UNGUARDED_AVAILABILITY = YES_AGGRESSIVE;
				CLANG_WARN_UNREACHABLE_CODE = YES;
				CLANG_WARN__DUPLICATE_METHOD_MATCH = YES;
				COPY_PHASE_STRIP = NO;
				DEBUG_INFORMATION_FORMAT = "dwarf-with-dsym";
				ENABLE_NS_ASSERTIONS = NO;
				ENABLE_STRICT_OBJC_MSGSEND = YES;
				GCC_C_LANGUAGE_STANDARD = gnu11;
				GCC_NO_COMMON_BLOCKS = YES;
				GCC_WARN_64_TO_32_BIT_CONVERSION = YES;
				GCC_WARN_ABOUT_RETURN_TYPE = YES_ERROR;
				GCC_WARN_UNDECLARED_SELECTOR = YES;
				GCC_WARN_UNINITIALIZED_AUTOS = YES_AGGRESSIVE;
				GCC_WARN_UNUSED_FUNCTION = YES;
				GCC_WARN_UNUSED_VARIABLE = YES;
				IPHONEOS_DEPLOYMENT_TARGET = 13.2;
				MTL_ENABLE_DEBUG_INFO = NO;
				MTL_FAST_MATH = YES;
				SDKROOT = iphoneos;
				SWIFT_COMPILATION_MODE = wholemodule;
				SWIFT_OPTIMIZATION_LEVEL = "-O";
				VALIDATE_PRODUCT = YES;
			};
			name = Release;
		};
		4A33E9262503DB2B00E78C0E /* Debug */ = {
			isa = XCBuildConfiguration;
			buildSettings = {
				ASSETCATALOG_COMPILER_APPICON_NAME = AppIcon;
				CODE_SIGN_STYLE = Automatic;
				DEVELOPMENT_ASSET_PATHS = "\"VLProject/Preview Content\"";
				DEVELOPMENT_TEAM = L5Y83A35M2;
				ENABLE_PREVIEWS = YES;
				INFOPLIST_FILE = VLProject/Info.plist;
				LD_RUNPATH_SEARCH_PATHS = (
					"$(inherited)",
					"@executable_path/Frameworks",
				);
				PRODUCT_BUNDLE_IDENTIFIER = com.harry.vlp.VLProject;
				PRODUCT_NAME = "$(TARGET_NAME)";
				SWIFT_VERSION = 5.0;
				TARGETED_DEVICE_FAMILY = "1,2";
			};
			name = Debug;
		};
		4A33E9272503DB2B00E78C0E /* Release */ = {
			isa = XCBuildConfiguration;
			buildSettings = {
				ASSETCATALOG_COMPILER_APPICON_NAME = AppIcon;
				CODE_SIGN_STYLE = Automatic;
				DEVELOPMENT_ASSET_PATHS = "\"VLProject/Preview Content\"";
				DEVELOPMENT_TEAM = L5Y83A35M2;
				ENABLE_PREVIEWS = YES;
				INFOPLIST_FILE = VLProject/Info.plist;
				LD_RUNPATH_SEARCH_PATHS = (
					"$(inherited)",
					"@executable_path/Frameworks",
				);
				PRODUCT_BUNDLE_IDENTIFIER = com.harry.vlp.VLProject;
				PRODUCT_NAME = "$(TARGET_NAME)";
				SWIFT_VERSION = 5.0;
				TARGETED_DEVICE_FAMILY = "1,2";
			};
			name = Release;
		};
		4A33E9292503DB2B00E78C0E /* Debug */ = {
			isa = XCBuildConfiguration;
			buildSettings = {
				ALWAYS_EMBED_SWIFT_STANDARD_LIBRARIES = YES;
				BUNDLE_LOADER = "$(TEST_HOST)";
				CODE_SIGN_STYLE = Automatic;
				INFOPLIST_FILE = VLProjectTests/Info.plist;
				IPHONEOS_DEPLOYMENT_TARGET = 13.2;
				LD_RUNPATH_SEARCH_PATHS = (
					"$(inherited)",
					"@executable_path/Frameworks",
					"@loader_path/Frameworks",
				);
				PRODUCT_BUNDLE_IDENTIFIER = com.harry.vlp.VLProjectTests;
				PRODUCT_NAME = "$(TARGET_NAME)";
				SWIFT_VERSION = 5.0;
				TARGETED_DEVICE_FAMILY = "1,2";
				TEST_HOST = "$(BUILT_PRODUCTS_DIR)/VLProject.app/VLProject";
			};
			name = Debug;
		};
		4A33E92A2503DB2B00E78C0E /* Release */ = {
			isa = XCBuildConfiguration;
			buildSettings = {
				ALWAYS_EMBED_SWIFT_STANDARD_LIBRARIES = YES;
				BUNDLE_LOADER = "$(TEST_HOST)";
				CODE_SIGN_STYLE = Automatic;
				INFOPLIST_FILE = VLProjectTests/Info.plist;
				IPHONEOS_DEPLOYMENT_TARGET = 13.2;
				LD_RUNPATH_SEARCH_PATHS = (
					"$(inherited)",
					"@executable_path/Frameworks",
					"@loader_path/Frameworks",
				);
				PRODUCT_BUNDLE_IDENTIFIER = com.harry.vlp.VLProjectTests;
				PRODUCT_NAME = "$(TARGET_NAME)";
				SWIFT_VERSION = 5.0;
				TARGETED_DEVICE_FAMILY = "1,2";
				TEST_HOST = "$(BUILT_PRODUCTS_DIR)/VLProject.app/VLProject";
			};
			name = Release;
		};
		4A33E92C2503DB2B00E78C0E /* Debug */ = {
			isa = XCBuildConfiguration;
			buildSettings = {
				ALWAYS_EMBED_SWIFT_STANDARD_LIBRARIES = YES;
				CODE_SIGN_STYLE = Automatic;
				INFOPLIST_FILE = VLProjectUITests/Info.plist;
				LD_RUNPATH_SEARCH_PATHS = (
					"$(inherited)",
					"@executable_path/Frameworks",
					"@loader_path/Frameworks",
				);
				PRODUCT_BUNDLE_IDENTIFIER = com.harry.vlp.VLProjectUITests;
				PRODUCT_NAME = "$(TARGET_NAME)";
				SWIFT_VERSION = 5.0;
				TARGETED_DEVICE_FAMILY = "1,2";
				TEST_TARGET_NAME = VLProject;
			};
			name = Debug;
		};
		4A33E92D2503DB2B00E78C0E /* Release */ = {
			isa = XCBuildConfiguration;
			buildSettings = {
				ALWAYS_EMBED_SWIFT_STANDARD_LIBRARIES = YES;
				CODE_SIGN_STYLE = Automatic;
				INFOPLIST_FILE = VLProjectUITests/Info.plist;
				LD_RUNPATH_SEARCH_PATHS = (
					"$(inherited)",
					"@executable_path/Frameworks",
					"@loader_path/Frameworks",
				);
				PRODUCT_BUNDLE_IDENTIFIER = com.harry.vlp.VLProjectUITests;
				PRODUCT_NAME = "$(TARGET_NAME)";
				SWIFT_VERSION = 5.0;
				TARGETED_DEVICE_FAMILY = "1,2";
				TEST_TARGET_NAME = VLProject;
			};
			name = Release;
		};
/* End XCBuildConfiguration section */

/* Begin XCConfigurationList section */
		4A33E8F62503DB2800E78C0E /* Build configuration list for PBXProject "VLProject" */ = {
			isa = XCConfigurationList;
			buildConfigurations = (
				4A33E9232503DB2B00E78C0E /* Debug */,
				4A33E9242503DB2B00E78C0E /* Release */,
			);
			defaultConfigurationIsVisible = 0;
			defaultConfigurationName = Release;
		};
		4A33E9252503DB2B00E78C0E /* Build configuration list for PBXNativeTarget "VLProject" */ = {
			isa = XCConfigurationList;
			buildConfigurations = (
				4A33E9262503DB2B00E78C0E /* Debug */,
				4A33E9272503DB2B00E78C0E /* Release */,
			);
			defaultConfigurationIsVisible = 0;
			defaultConfigurationName = Release;
		};
		4A33E9282503DB2B00E78C0E /* Build configuration list for PBXNativeTarget "VLProjectTests" */ = {
			isa = XCConfigurationList;
			buildConfigurations = (
				4A33E9292503DB2B00E78C0E /* Debug */,
				4A33E92A2503DB2B00E78C0E /* Release */,
			);
			defaultConfigurationIsVisible = 0;
			defaultConfigurationName = Release;
		};
		4A33E92B2503DB2B00E78C0E /* Build configuration list for PBXNativeTarget "VLProjectUITests" */ = {
			isa = XCConfigurationList;
			buildConfigurations = (
				4A33E92C2503DB2B00E78C0E /* Debug */,
				4A33E92D2503DB2B00E78C0E /* Release */,
			);
			defaultConfigurationIsVisible = 0;
			defaultConfigurationName = Release;
		};
/* End XCConfigurationList section */
	};
	rootObject = 4A33E8F32503DB2800E78C0E /* Project object */;
}
